
Microsoft Visual Studio Solution File, Format Version 12.00
# Visual Studio 15
VisualStudioVersion = 15.0.27703.2042
MinimumVisualStudioVersion = 10.0.40219.1
Project("{FAE04EC0-301F-11D3-BF4B-00C04F79EFBC}") = "eSports Informer", "eSports Informer\eSports Informer.csproj", "{23891DCE-DA92-43BB-9BDC-D6E3C8FB3751}"
EndProject
Global
	GlobalSection(SolutionConfigurationPlatforms) = preSolution
		Debug|Any CPU = Debug|Any CPU
		Release|Any CPU = Release|Any CPU
	EndGlobalSection
	GlobalSection(ProjectConfigurationPlatforms) = postSolution
		{23891DCE-DA92-43BB-9BDC-D6E3C8FB3751}.Debug|Any CPU.ActiveCfg = Debug|Any CPU
		{23891DCE-DA92-43BB-9BDC-D6E3C8FB3751}.Debug|Any CPU.Build.0 = Debug|Any CPU
		{23891DCE-DA92-43BB-9BDC-D6E3C8FB3751}.Release|Any CPU.ActiveCfg = Release|Any CPU
		{23891DCE-DA92-43BB-9BDC-D6E3C8FB3751}.Release|Any CPU.Build.0 = Release|Any CPU
	EndGlobalSection
	GlobalSection(SolutionProperties) = preSolution
		HideSolutionNode = FALSE
	EndGlobalSection
	GlobalSection(ExtensibilityGlobals) = postSolution
		SolutionGuid = {00B35104-AB88-4F90-8AA9-7492BC7B9C35}
	EndGlobalSection
EndGlobal
